Microsoft Visual Studio Solution File, Format Version 12.00
# Visual Studio Version 17
VisualStudioVersion = 17.5.2.0
MinimumVisualStudioVersion = 10.0.40219.1
Project("{FAE04EC0-301F-11D3-BF4B-00C04F79EFBC}") = "Magazyn", "Magazyn.csproj", "{DF512796-620C-0FE6-4162-0B778186BB4D}"
EndProject
Global
	GlobalSection(SolutionConfigurationPlatforms) = preSolution
		Debug|Any CPU = Debug|Any CPU
		Release|Any CPU = Release|Any CPU
	EndGlobalSection
	GlobalSection(ProjectConfigurationPlatforms) = postSolution
		{DF512796-620C-0FE6-4162-0B778186BB4D}.Debug|Any CPU.ActiveCfg = Debug|Any CPU
		{DF512796-620C-0FE6-4162-0B778186BB4D}.Debug|Any CPU.Build.0 = Debug|Any CPU
		{DF512796-620C-0FE6-4162-0B778186BB4D}.Release|Any CPU.ActiveCfg = Release|Any CPU
		{DF512796-620C-0FE6-4162-0B778186BB4D}.Release|Any CPU.Build.0 = Release|Any CPU
	EndGlobalSection
	GlobalSection(SolutionProperties) = preSolution
		HideSolutionNode = FALSE
	EndGlobalSection
	GlobalSection(ExtensibilityGlobals) = postSolution
		SolutionGuid = {163327DA-2648-49D1-865A-F9AD0D6BE652}
	EndGlobalSection
EndGlobal
